
Microsoft Visual Studio Solution File, Format Version 10.00
# Visual C++ Express 2008
Project("{8BC9CEB8-8B4A-11D0-8D11-00A0C91BC942}") = "demo", "demo.vcproj", "{CBCF5B76-1448-413B-8D4D-44129729DA78}"
EndProject
Global
	GlobalSection(SolutionConfigurationPlatforms) = preSolution
		Debug|Win32 = Debug|Win32
		Release|Win32 = Release|Win32
	EndGlobalSection
	GlobalSection(ProjectConfigurationPlatforms) = postSolution
		{CBCF5B76-1448-413B-8D4D-44129729DA78}.Debug|Win32.ActiveCfg = Debug|Win32
		{CBCF5B76-1448-413B-8D4D-44129729DA78}.Debug|Win32.Build.0 = Debug|Win32
		{CBCF5B76-1448-413B-8D4D-44129729DA78}.Release|Win32.ActiveCfg = Release|Win32
		{CBCF5B76-1448-413B-8D4D-44129729DA78}.Release|Win32.Build.0 = Release|Win32
	EndGlobalSection
	GlobalSection(SolutionProperties) = preSolution
		HideSolutionNode = FALSE
	EndGlobalSection
EndGlobal
